Microsoft Visual Studio Solution File, Format Version 12.00
# Visual Studio Version 17
VisualStudioVersion = 17.7.34221.43
MinimumVisualStudioVersion = 10.0.40219.1
Project("{9A19103F-16F7-4668-BE54-9A1E7A4F7556}") = "WebSalesSystem.Admin.Domain", "src\Modules\Admin\WebSalesSystem.Admin.Domain\WebSalesSystem.Admin.Domain.csproj", "{450BF406-3F94-4420-8E67-EDC1B19245DA}"
EndProject
Project("{2150E333-8FDC-42A3-9474-1A3956D46DE8}") = "src", "src", "{ABFF7A5B-0ADE-4F66-B681-28644B2B4062}"
EndProject
Project("{2150E333-8FDC-42A3-9474-1A3956D46DE8}") = "Modules", "Modules", "{B7D23DAD-48E2-4BF7-8765-8F329184E82F}"
EndProject
Project("{2150E333-8FDC-42A3-9474-1A3956D46DE8}") = "Admin", "Admin", "{EE24FBE7-62C9-4078-9B4D-20409FF03005}"
EndProject
Project("{2150E333-8FDC-42A3-9474-1A3956D46DE8}") = "Shared", "Shared", "{9B9F5D22-E30D-40EB-A7D2-353E428CC4CD}"
EndProject
Project("{9A19103F-16F7-4668-BE54-9A1E7A4F7556}") = "WebSalesSystem.Admin.Application", "src\Modules\Admin\WebSalesSystem.Admin.Application\WebSalesSystem.Admin.Application.csproj", "{B73213FC-D252-4900-AD0F-686DE9513A9F}"
EndProject
Project("{9A19103F-16F7-4668-BE54-9A1E7A4F7556}") = "WebSalesSystem.Admin.Tests", "src\Modules\Admin\WebSalesSystem.Admin.Tests\WebSalesSystem.Admin.Tests.csproj", "{7C52AC53-9155-4687-97D2-23C49B67D6A0}"
EndProject
Project("{9A19103F-16F7-4668-BE54-9A1E7A4F7556}") = "WebSalesSystem.App", "src\WebSalesSystem.App\WebSalesSystem.App.csproj", "{562B9AEE-D696-4B39-853C-88FF0EFA6412}"
EndProject
Project("{9A19103F-16F7-4668-BE54-9A1E7A4F7556}") = "WebSalesSystem.Shared.Application", "src\Shared\WebSalesSystem.Shared.Application\WebSalesSystem.Shared.Application.csproj", "{F7A8A4E9-5A9F-426F-957C-40BE28BAC8AA}"
EndProject
Project("{9A19103F-16F7-4668-BE54-9A1E7A4F7556}") = "WebSalesSystem.Shared.Domain", "src\Shared\WebSalesSystem.Shared.Domain\WebSalesSystem.Shared.Domain.csproj", "{15C48711-081A-425B-8431-94D605D4B7BF}"
EndProject
Project("{9A19103F-16F7-4668-BE54-9A1E7A4F7556}") = "WebSalesSystem.Shared.Infraestructure", "src\Shared\WebSalesSystem.Shared.Infraestructure\WebSalesSystem.Shared.Infraestructure.csproj", "{D01ACE6F-AE3A-4CF7-A2B8-0BEC7A78E15C}"
EndProject
Project("{9A19103F-16F7-4668-BE54-9A1E7A4F7556}") = "WebSalesSystem.Admin.API", "src\Modules\Admin\WebSalesSystem.Admin.API\WebSalesSystem.Admin.API.csproj", "{9B61EAE5-A422-448A-A9F4-3ECA40B7BF12}"
EndProject
Project("{9A19103F-16F7-4668-BE54-9A1E7A4F7556}") = "WebSalesSystem.Admin.Infraestructure", "src\Modules\Admin\WebSalesSystem.Admin.Infraestructure\WebSalesSystem.Admin.Infraestructure.csproj", "{0B18FD66-7171-40FA-8EE5-76D75DDBBE5F}"
EndProject
Project("{9A19103F-16F7-4668-BE54-9A1E7A4F7556}") = "WebSalesSystem.Shared.API", "src\Shared\WebSalesSystem.Shared.API\WebSalesSystem.Shared.API.csproj", "{5CCDF9BD-9400-426B-BDC8-58B6102A22AD}"
EndProject
Project("{2150E333-8FDC-42A3-9474-1A3956D46DE8}") = "Core", "Core", "{D00B5980-9A84-450E-AD56-A8058116FC8E}"
EndProject
Project("{FAE04EC0-301F-11D3-BF4B-00C04F79EFBC}") = "WebSalesSystem.Core.Domain", "src\Modules\Core\WebSalesSystem.Core.Domain\WebSalesSystem.Core.Domain.csproj", "{515AD310-B805-4DEE-B947-3994CD1F32CF}"
EndProject
Project("{FAE04EC0-301F-11D3-BF4B-00C04F79EFBC}") = "WebSalesSystem.Core.Infraestructure", "src\Modules\Core\WebSalesSystem.Core.Infraestructure\WebSalesSystem.Core.Infraestructure.csproj", "{54C74F28-9096-4427-BFD3-A5575B89802C}"
EndProject
Project("{FAE04EC0-301F-11D3-BF4B-00C04F79EFBC}") = "WebSalesSystem.Core.Application", "src\Modules\Core\WebSalesSystem.Core.Application\WebSalesSystem.Core.Application.csproj", "{B7E0AF52-990C-4363-944A-DD93A8BB504F}"
EndProject
Project("{FAE04EC0-301F-11D3-BF4B-00C04F79EFBC}") = "WebSalesSystem.Core.API", "src\Modules\Core\WebSalesSystem.Core.API\WebSalesSystem.Core.API.csproj", "{951F43A2-B640-47FC-8133-A3558CC0CFA0}"
EndProject
Project("{2150E333-8FDC-42A3-9474-1A3956D46DE8}") = "Setup", "Setup", "{3188F1BA-70E6-42E9-847B-A6A3B70EE307}"
EndProject
Project("{2150E333-8FDC-42A3-9474-1A3956D46DE8}") = "Params", "Params", "{85356337-789B-4EA9-BBDB-773B631600AE}"
EndProject
Project("{2150E333-8FDC-42A3-9474-1A3956D46DE8}") = "Auth", "Auth", "{1FBE3D49-147C-477C-807C-AF80E94B541C}"
EndProject
Project("{FAE04EC0-301F-11D3-BF4B-00C04F79EFBC}") = "WebSalesSystem.Params.Domain", "src\Modules\Params\WebSalesSystem.Params.Domain\WebSalesSystem.Params.Domain.csproj", "{E2EEE390-8391-4B11-B954-AF5EEC3605E7}"
EndProject
Global
	GlobalSection(SolutionConfigurationPlatforms) = preSolution
		Debug|Any CPU = Debug|Any CPU
		Release|Any CPU = Release|Any CPU
	EndGlobalSection
	GlobalSection(ProjectConfigurationPlatforms) = postSolution
		{450BF406-3F94-4420-8E67-EDC1B19245DA}.Debug|Any CPU.ActiveCfg = Debug|Any CPU
		{450BF406-3F94-4420-8E67-EDC1B19245DA}.Debug|Any CPU.Build.0 = Debug|Any CPU
		{450BF406-3F94-4420-8E67-EDC1B19245DA}.Release|Any CPU.ActiveCfg = Release|Any CPU
		{450BF406-3F94-4420-8E67-EDC1B19245DA}.Release|Any CPU.Build.0 = Release|Any CPU
		{B73213FC-D252-4900-AD0F-686DE9513A9F}.Debug|Any CPU.ActiveCfg = Debug|Any CPU
		{B73213FC-D252-4900-AD0F-686DE9513A9F}.Debug|Any CPU.Build.0 = Debug|Any CPU
		{B73213FC-D252-4900-AD0F-686DE9513A9F}.Release|Any CPU.ActiveCfg = Release|Any CPU
		{B73213FC-D252-4900-AD0F-686DE9513A9F}.Release|Any CPU.Build.0 = Release|Any CPU
		{7C52AC53-9155-4687-97D2-23C49B67D6A0}.Debug|Any CPU.ActiveCfg = Debug|Any CPU
		{7C52AC53-9155-4687-97D2-23C49B67D6A0}.Debug|Any CPU.Build.0 = Debug|Any CPU
		{7C52AC53-9155-4687-97D2-23C49B67D6A0}.Release|Any CPU.ActiveCfg = Release|Any CPU
		{7C52AC53-9155-4687-97D2-23C49B67D6A0}.Release|Any CPU.Build.0 = Release|Any CPU
		{562B9AEE-D696-4B39-853C-88FF0EFA6412}.Debug|Any CPU.ActiveCfg = Debug|Any CPU
		{562B9AEE-D696-4B39-853C-88FF0EFA6412}.Debug|Any CPU.Build.0 = Debug|Any CPU
		{562B9AEE-D696-4B39-853C-88FF0EFA6412}.Release|Any CPU.ActiveCfg = Release|Any CPU
		{562B9AEE-D696-4B39-853C-88FF0EFA6412}.Release|Any CPU.Build.0 = Release|Any CPU
		{F7A8A4E9-5A9F-426F-957C-40BE28BAC8AA}.Debug|Any CPU.ActiveCfg = Debug|Any CPU
		{F7A8A4E9-5A9F-426F-957C-40BE28BAC8AA}.Debug|Any CPU.Build.0 = Debug|Any CPU
		{F7A8A4E9-5A9F-426F-957C-40BE28BAC8AA}.Release|Any CPU.ActiveCfg = Release|Any CPU
		{F7A8A4E9-5A9F-426F-957C-40BE28BAC8AA}.Release|Any CPU.Build.0 = Release|Any CPU
		{15C48711-081A-425B-8431-94D605D4B7BF}.Debug|Any CPU.ActiveCfg = Debug|Any CPU
		{15C48711-081A-425B-8431-94D605D4B7BF}.Debug|Any CPU.Build.0 = Debug|Any CPU
		{15C48711-081A-425B-8431-94D605D4B7BF}.Release|Any CPU.ActiveCfg = Release|Any CPU
		{15C48711-081A-425B-8431-94D605D4B7BF}.Release|Any CPU.Build.0 = Release|Any CPU
		{D01ACE6F-AE3A-4CF7-A2B8-0BEC7A78E15C}.Debug|Any CPU.ActiveCfg = Debug|Any CPU
		{D01ACE6F-AE3A-4CF7-A2B8-0BEC7A78E15C}.Debug|Any CPU.Build.0 = Debug|Any CPU
		{D01ACE6F-AE3A-4CF7-A2B8-0BEC7A78E15C}.Release|Any CPU.ActiveCfg = Release|Any CPU
		{D01ACE6F-AE3A-4CF7-A2B8-0BEC7A78E15C}.Release|Any CPU.Build.0 = Release|Any CPU
		{9B61EAE5-A422-448A-A9F4-3ECA40B7BF12}.Debug|Any CPU.ActiveCfg = Debug|Any CPU
		{9B61EAE5-A422-448A-A9F4-3ECA40B7BF12}.Debug|Any CPU.Build.0 = Debug|Any CPU
		{9B61EAE5-A422-448A-A9F4-3ECA40B7BF12}.Release|Any CPU.ActiveCfg = Release|Any CPU
		{9B61EAE5-A422-448A-A9F4-3ECA40B7BF12}.Release|Any CPU.Build.0 = Release|Any CPU
		{0B18FD66-7171-40FA-8EE5-76D75DDBBE5F}.Debug|Any CPU.ActiveCfg = Debug|Any CPU
		{0B18FD66-7171-40FA-8EE5-76D75DDBBE5F}.Debug|Any CPU.Build.0 = Debug|Any CPU
		{0B18FD66-7171-40FA-8EE5-76D75DDBBE5F}.Release|Any CPU.ActiveCfg = Release|Any CPU
		{0B18FD66-7171-40FA-8EE5-76D75DDBBE5F}.Release|Any CPU.Build.0 = Release|Any CPU
		{5CCDF9BD-9400-426B-BDC8-58B6102A22AD}.Debug|Any CPU.ActiveCfg = Debug|Any CPU
		{5CCDF9BD-9400-426B-BDC8-58B6102A22AD}.Debug|Any CPU.Build.0 = Debug|Any CPU
		{5CCDF9BD-9400-426B-BDC8-58B6102A22AD}.Release|Any CPU.ActiveCfg = Release|Any CPU
		{5CCDF9BD-9400-426B-BDC8-58B6102A22AD}.Release|Any CPU.Build.0 = Release|Any CPU
		{515AD310-B805-4DEE-B947-3994CD1F32CF}.Debug|Any CPU.ActiveCfg = Debug|Any CPU
		{515AD310-B805-4DEE-B947-3994CD1F32CF}.Debug|Any CPU.Build.0 = Debug|Any CPU
		{515AD310-B805-4DEE-B947-3994CD1F32CF}.Release|Any CPU.ActiveCfg = Release|Any CPU
		{515AD310-B805-4DEE-B947-3994CD1F32CF}.Release|Any CPU.Build.0 = Release|Any CPU
		{54C74F28-9096-4427-BFD3-A5575B89802C}.Debug|Any CPU.ActiveCfg = Debug|Any CPU
		{54C74F28-9096-4427-BFD3-A5575B89802C}.Debug|Any CPU.Build.0 = Debug|Any CPU
		{54C74F28-9096-4427-BFD3-A5575B89802C}.Release|Any CPU.ActiveCfg = Release|Any CPU
		{54C74F28-9096-4427-BFD3-A5575B89802C}.Release|Any CPU.Build.0 = Release|Any CPU
		{B7E0AF52-990C-4363-944A-DD93A8BB504F}.Debug|Any CPU.ActiveCfg = Debug|Any CPU
		{B7E0AF52-990C-4363-944A-DD93A8BB504F}.Debug|Any CPU.Build.0 = Debug|Any CPU
		{B7E0AF52-990C-4363-944A-DD93A8BB504F}.Release|Any CPU.ActiveCfg = Release|Any CPU
		{B7E0AF52-990C-4363-944A-DD93A8BB504F}.Release|Any CPU.Build.0 = Release|Any CPU
		{951F43A2-B640-47FC-8133-A3558CC0CFA0}.Debug|Any CPU.ActiveCfg = Debug|Any CPU
		{951F43A2-B640-47FC-8133-A3558CC0CFA0}.Debug|Any CPU.Build.0 = Debug|Any CPU
		{951F43A2-B640-47FC-8133-A3558CC0CFA0}.Release|Any CPU.ActiveCfg = Release|Any CPU
		{951F43A2-B640-47FC-8133-A3558CC0CFA0}.Release|Any CPU.Build.0 = Release|Any CPU
		{E2EEE390-8391-4B11-B954-AF5EEC3605E7}.Debug|Any CPU.ActiveCfg = Debug|Any CPU
		{E2EEE390-8391-4B11-B954-AF5EEC3605E7}.Debug|Any CPU.Build.0 = Debug|Any CPU
		{E2EEE390-8391-4B11-B954-AF5EEC3605E7}.Release|Any CPU.ActiveCfg = Release|Any CPU
		{E2EEE390-8391-4B11-B954-AF5EEC3605E7}.Release|Any CPU.Build.0 = Release|Any CPU
	EndGlobalSection
	GlobalSection(SolutionProperties) = preSolution
		HideSolutionNode = FALSE
	EndGlobalSection
	GlobalSection(NestedProjects) = preSolution
		{450BF406-3F94-4420-8E67-EDC1B19245DA} = {EE24FBE7-62C9-4078-9B4D-20409FF03005}
		{B7D23DAD-48E2-4BF7-8765-8F329184E82F} = {ABFF7A5B-0ADE-4F66-B681-28644B2B4062}
		{EE24FBE7-62C9-4078-9B4D-20409FF03005} = {B7D23DAD-48E2-4BF7-8765-8F329184E82F}
		{9B9F5D22-E30D-40EB-A7D2-353E428CC4CD} = {ABFF7A5B-0ADE-4F66-B681-28644B2B4062}
		{B73213FC-D252-4900-AD0F-686DE9513A9F} = {EE24FBE7-62C9-4078-9B4D-20409FF03005}
		{7C52AC53-9155-4687-97D2-23C49B67D6A0} = {EE24FBE7-62C9-4078-9B4D-20409FF03005}
		{562B9AEE-D696-4B39-853C-88FF0EFA6412} = {ABFF7A5B-0ADE-4F66-B681-28644B2B4062}
		{F7A8A4E9-5A9F-426F-957C-40BE28BAC8AA} = {9B9F5D22-E30D-40EB-A7D2-353E428CC4CD}
		{15C48711-081A-425B-8431-94D605D4B7BF} = {9B9F5D22-E30D-40EB-A7D2-353E428CC4CD}
		{D01ACE6F-AE3A-4CF7-A2B8-0BEC7A78E15C} = {9B9F5D22-E30D-40EB-A7D2-353E428CC4CD}
		{9B61EAE5-A422-448A-A9F4-3ECA40B7BF12} = {EE24FBE7-62C9-4078-9B4D-20409FF03005}
		{0B18FD66-7171-40FA-8EE5-76D75DDBBE5F} = {EE24FBE7-62C9-4078-9B4D-20409FF03005}
		{5CCDF9BD-9400-426B-BDC8-58B6102A22AD} = {9B9F5D22-E30D-40EB-A7D2-353E428CC4CD}
		{D00B5980-9A84-450E-AD56-A8058116FC8E} = {B7D23DAD-48E2-4BF7-8765-8F329184E82F}
		{515AD310-B805-4DEE-B947-3994CD1F32CF} = {D00B5980-9A84-450E-AD56-A8058116FC8E}
		{54C74F28-9096-4427-BFD3-A5575B89802C} = {D00B5980-9A84-450E-AD56-A8058116FC8E}
		{B7E0AF52-990C-4363-944A-DD93A8BB504F} = {D00B5980-9A84-450E-AD56-A8058116FC8E}
		{951F43A2-B640-47FC-8133-A3558CC0CFA0} = {D00B5980-9A84-450E-AD56-A8058116FC8E}
		{3188F1BA-70E6-42E9-847B-A6A3B70EE307} = {B7D23DAD-48E2-4BF7-8765-8F329184E82F}
		{85356337-789B-4EA9-BBDB-773B631600AE} = {B7D23DAD-48E2-4BF7-8765-8F329184E82F}
		{1FBE3D49-147C-477C-807C-AF80E94B541C} = {B7D23DAD-48E2-4BF7-8765-8F329184E82F}
		{E2EEE390-8391-4B11-B954-AF5EEC3605E7} = {85356337-789B-4EA9-BBDB-773B631600AE}
	EndGlobalSection
	GlobalSection(ExtensibilityGlobals) = postSolution
		SolutionGuid = {85BF12D6-82E5-4158-9975-489806CD5FF9}
	EndGlobalSection
EndGlobal
